
Microsoft Visual Studio Solution File, Format Version 12.00
# Visual Studio Version 17
VisualStudioVersion = 17.4.33205.214
MinimumVisualStudioVersion = 10.0.40219.1
Project("{2150E333-8FDC-42A3-9474-1A3956D46DE8}") = "Services", "Services", "{01A32403-E08A-48B4-9484-D29CB9DBE7BD}"
EndProject
Project("{2150E333-8FDC-42A3-9474-1A3956D46DE8}") = "Catalog", "Catalog", "{5B5A45BB-CCAF-4C06-A38B-D3A481F9F661}"
EndProject
Project("{9A19103F-16F7-4668-BE54-9A1E7A4F7556}") = "Catalog.API", "Services\Catalog\Catalog.API\Catalog.API.csproj", "{501C5829-8E7A-4184-9F89-4D70E8E8809F}"
EndProject
Project("{E53339B2-1760-4266-BCC7-CA923CBCF16C}") = "docker-compose", "docker-compose.dcproj", "{4C48A0CB-63BD-4A44-943F-745E8DB4CC1A}"
EndProject
Project("{2150E333-8FDC-42A3-9474-1A3956D46DE8}") = "Basket", "Basket", "{F77B1A3B-1409-46DC-BBB8-E3A1D3D78623}"
EndProject
Project("{9A19103F-16F7-4668-BE54-9A1E7A4F7556}") = "Basket.API", "Services\Basket\Basket.API\Basket.API.csproj", "{231448F8-38DB-4FA6-B491-D8C223DC92C3}"
EndProject
Project("{2150E333-8FDC-42A3-9474-1A3956D46DE8}") = "Discount", "Discount", "{22DD0207-C3D6-49DB-A7AC-1126A8D10CAE}"
EndProject
Project("{9A19103F-16F7-4668-BE54-9A1E7A4F7556}") = "Discount.API", "Services\Discount\Discount.API\Discount.API.csproj", "{8AC385AD-EB05-4C85-9543-A470C2F26E57}"
EndProject
Project("{9A19103F-16F7-4668-BE54-9A1E7A4F7556}") = "Discount.Grpc", "Services\Discount\Discount.Grpc\Discount.Grpc.csproj", "{F5F57D93-665A-4A68-9DA2-4691772F9EE1}"
EndProject
Project("{2150E333-8FDC-42A3-9474-1A3956D46DE8}") = "Ordering", "Ordering", "{21FA5FD0-A429-4962-BD75-7DE0DC624B8D}"
EndProject
Project("{9A19103F-16F7-4668-BE54-9A1E7A4F7556}") = "Ordering.Domain", "Services\Ordering\Ordering.Domain\Ordering.Domain.csproj", "{D80E91D8-0023-4DD5-B132-E64F0470A9CE}"
EndProject
Project("{9A19103F-16F7-4668-BE54-9A1E7A4F7556}") = "Ordering.Application", "Services\Ordering\Ordering.Application\Ordering.Application.csproj", "{F7D56DBA-5A07-43B0-9BD0-AD620FEDC9A6}"
EndProject
Project("{9A19103F-16F7-4668-BE54-9A1E7A4F7556}") = "Ordering.Infrastructure", "Services\Ordering\Ordering.Infrastructure\Ordering.Infrastructure.csproj", "{DBB2E29E-9E06-4EDF-83B9-25C4E9DF040D}"
EndProject
Project("{2150E333-8FDC-42A3-9474-1A3956D46DE8}") = "BuildingBlocks", "BuildingBlocks", "{2547A1D8-F76C-4CAB-932C-8CDFA4E0FAF1}"
EndProject
Project("{9A19103F-16F7-4668-BE54-9A1E7A4F7556}") = "EventBus.Messages", "BuildingBlocks\EventBus.Messages\EventBus.Messages.csproj", "{9F3C157C-8C03-45D3-A851-725F72282DC1}"
EndProject
Project("{FAE04EC0-301F-11D3-BF4B-00C04F79EFBC}") = "Ordering.API", "Services\Ordering\Ordering.API\Ordering.API.csproj", "{EBC5A24C-6F82-483D-AB49-1DAEB7FA2037}"
EndProject
Global
	GlobalSection(SolutionConfigurationPlatforms) = preSolution
		Debug|Any CPU = Debug|Any CPU
		Release|Any CPU = Release|Any CPU
	EndGlobalSection
	GlobalSection(ProjectConfigurationPlatforms) = postSolution
		{501C5829-8E7A-4184-9F89-4D70E8E8809F}.Debug|Any CPU.ActiveCfg = Debug|Any CPU
		{501C5829-8E7A-4184-9F89-4D70E8E8809F}.Release|Any CPU.ActiveCfg = Release|Any CPU
		{501C5829-8E7A-4184-9F89-4D70E8E8809F}.Release|Any CPU.Build.0 = Release|Any CPU
		{4C48A0CB-63BD-4A44-943F-745E8DB4CC1A}.Debug|Any CPU.ActiveCfg = Debug|Any CPU
		{4C48A0CB-63BD-4A44-943F-745E8DB4CC1A}.Release|Any CPU.ActiveCfg = Release|Any CPU
		{4C48A0CB-63BD-4A44-943F-745E8DB4CC1A}.Release|Any CPU.Build.0 = Release|Any CPU
		{231448F8-38DB-4FA6-B491-D8C223DC92C3}.Debug|Any CPU.ActiveCfg = Debug|Any CPU
		{231448F8-38DB-4FA6-B491-D8C223DC92C3}.Release|Any CPU.ActiveCfg = Release|Any CPU
		{231448F8-38DB-4FA6-B491-D8C223DC92C3}.Release|Any CPU.Build.0 = Release|Any CPU
		{8AC385AD-EB05-4C85-9543-A470C2F26E57}.Debug|Any CPU.ActiveCfg = Debug|Any CPU
		{8AC385AD-EB05-4C85-9543-A470C2F26E57}.Release|Any CPU.ActiveCfg = Release|Any CPU
		{8AC385AD-EB05-4C85-9543-A470C2F26E57}.Release|Any CPU.Build.0 = Release|Any CPU
		{F5F57D93-665A-4A68-9DA2-4691772F9EE1}.Debug|Any CPU.ActiveCfg = Debug|Any CPU
		{F5F57D93-665A-4A68-9DA2-4691772F9EE1}.Release|Any CPU.ActiveCfg = Release|Any CPU
		{F5F57D93-665A-4A68-9DA2-4691772F9EE1}.Release|Any CPU.Build.0 = Release|Any CPU
		{D80E91D8-0023-4DD5-B132-E64F0470A9CE}.Debug|Any CPU.ActiveCfg = Debug|Any CPU
		{D80E91D8-0023-4DD5-B132-E64F0470A9CE}.Release|Any CPU.ActiveCfg = Release|Any CPU
		{D80E91D8-0023-4DD5-B132-E64F0470A9CE}.Release|Any CPU.Build.0 = Release|Any CPU
		{F7D56DBA-5A07-43B0-9BD0-AD620FEDC9A6}.Debug|Any CPU.ActiveCfg = Debug|Any CPU
		{F7D56DBA-5A07-43B0-9BD0-AD620FEDC9A6}.Release|Any CPU.ActiveCfg = Release|Any CPU
		{F7D56DBA-5A07-43B0-9BD0-AD620FEDC9A6}.Release|Any CPU.Build.0 = Release|Any CPU
		{DBB2E29E-9E06-4EDF-83B9-25C4E9DF040D}.Debug|Any CPU.ActiveCfg = Debug|Any CPU
		{DBB2E29E-9E06-4EDF-83B9-25C4E9DF040D}.Debug|Any CPU.Build.0 = Debug|Any CPU
		{DBB2E29E-9E06-4EDF-83B9-25C4E9DF040D}.Release|Any CPU.ActiveCfg = Release|Any CPU
		{DBB2E29E-9E06-4EDF-83B9-25C4E9DF040D}.Release|Any CPU.Build.0 = Release|Any CPU
		{9F3C157C-8C03-45D3-A851-725F72282DC1}.Debug|Any CPU.ActiveCfg = Debug|Any CPU
		{9F3C157C-8C03-45D3-A851-725F72282DC1}.Debug|Any CPU.Build.0 = Debug|Any CPU
		{9F3C157C-8C03-45D3-A851-725F72282DC1}.Release|Any CPU.ActiveCfg = Release|Any CPU
		{9F3C157C-8C03-45D3-A851-725F72282DC1}.Release|Any CPU.Build.0 = Release|Any CPU
		{EBC5A24C-6F82-483D-AB49-1DAEB7FA2037}.Debug|Any CPU.ActiveCfg = Debug|Any CPU
		{EBC5A24C-6F82-483D-AB49-1DAEB7FA2037}.Debug|Any CPU.Build.0 = Debug|Any CPU
		{EBC5A24C-6F82-483D-AB49-1DAEB7FA2037}.Release|Any CPU.ActiveCfg = Release|Any CPU
		{EBC5A24C-6F82-483D-AB49-1DAEB7FA2037}.Release|Any CPU.Build.0 = Release|Any CPU
	EndGlobalSection
	GlobalSection(SolutionProperties) = preSolution
		HideSolutionNode = FALSE
	EndGlobalSection
	GlobalSection(NestedProjects) = preSolution
		{5B5A45BB-CCAF-4C06-A38B-D3A481F9F661} = {01A32403-E08A-48B4-9484-D29CB9DBE7BD}
		{501C5829-8E7A-4184-9F89-4D70E8E8809F} = {5B5A45BB-CCAF-4C06-A38B-D3A481F9F661}
		{F77B1A3B-1409-46DC-BBB8-E3A1D3D78623} = {01A32403-E08A-48B4-9484-D29CB9DBE7BD}
		{231448F8-38DB-4FA6-B491-D8C223DC92C3} = {F77B1A3B-1409-46DC-BBB8-E3A1D3D78623}
		{22DD0207-C3D6-49DB-A7AC-1126A8D10CAE} = {01A32403-E08A-48B4-9484-D29CB9DBE7BD}
		{8AC385AD-EB05-4C85-9543-A470C2F26E57} = {22DD0207-C3D6-49DB-A7AC-1126A8D10CAE}
		{F5F57D93-665A-4A68-9DA2-4691772F9EE1} = {22DD0207-C3D6-49DB-A7AC-1126A8D10CAE}
		{21FA5FD0-A429-4962-BD75-7DE0DC624B8D} = {01A32403-E08A-48B4-9484-D29CB9DBE7BD}
		{D80E91D8-0023-4DD5-B132-E64F0470A9CE} = {21FA5FD0-A429-4962-BD75-7DE0DC624B8D}
		{F7D56DBA-5A07-43B0-9BD0-AD620FEDC9A6} = {21FA5FD0-A429-4962-BD75-7DE0DC624B8D}
		{DBB2E29E-9E06-4EDF-83B9-25C4E9DF040D} = {21FA5FD0-A429-4962-BD75-7DE0DC624B8D}
		{9F3C157C-8C03-45D3-A851-725F72282DC1} = {2547A1D8-F76C-4CAB-932C-8CDFA4E0FAF1}
		{EBC5A24C-6F82-483D-AB49-1DAEB7FA2037} = {21FA5FD0-A429-4962-BD75-7DE0DC624B8D}
	EndGlobalSection
	GlobalSection(ExtensibilityGlobals) = postSolution
		SolutionGuid = {5D79D277-456C-424C-B5DD-6291F879977A}
	EndGlobalSection
EndGlobal
